
Microsoft Visual Studio Solution File, Format Version 12.00
# Visual Studio Version 17
VisualStudioVersion = 17.1.32414.318
MinimumVisualStudioVersion = 10.0.40219.1
Project("{FAE04EC0-301F-11D3-BF4B-00C04F79EFBC}") = "Tickets", "Tickets\Tickets.csproj", "{B9B31A10-ED10-4618-AFDB-6FDFB651E28E}"
EndProject
Global
	GlobalSection(SolutionConfigurationPlatforms) = preSolution
		Debug|Any CPU = Debug|Any CPU
		Release|Any CPU = Release|Any CPU
	EndGlobalSection
	GlobalSection(ProjectConfigurationPlatforms) = postSolution
		{B9B31A10-ED10-4618-AFDB-6FDFB651E28E}.Debug|Any CPU.ActiveCfg = Debug|Any CPU
		{B9B31A10-ED10-4618-AFDB-6FDFB651E28E}.Debug|Any CPU.Build.0 = Debug|Any CPU
		{B9B31A10-ED10-4618-AFDB-6FDFB651E28E}.Release|Any CPU.ActiveCfg = Release|Any CPU
		{B9B31A10-ED10-4618-AFDB-6FDFB651E28E}.Release|Any CPU.Build.0 = Release|Any CPU
	EndGlobalSection
	GlobalSection(SolutionProperties) = preSolution
		HideSolutionNode = FALSE
	EndGlobalSection
	GlobalSection(ExtensibilityGlobals) = postSolution
		SolutionGuid = {4331B06B-DCD8-42F8-B9B9-98C3D6AB5F58}
	EndGlobalSection
EndGlobal
